// !$*UTF8*$!
{
	archiveVersion = 1;
	classes = {
	};
	objectVersion = 51;
	objects = {

/* Begin PBXBuildFile section */
		0169018F1D8FF060B5ECF99A /* Pods_Viper_Simple_DemoApp.framework in Frameworks */ = {isa = PBXBuildFile; fileRef = 004B2214EA7974E817E4E720 /* Pods_Viper_Simple_DemoApp.framework */; };
		3E49EFAE260C7C27002C80BF /* AppDelegate.swift in Sources */ = {isa = PBXBuildFile; fileRef = 3E49EFAD260C7C27002C80BF /* AppDelegate.swift */; };
		3E49EFB0260C7C27002C80BF /* SceneDelegate.swift in Sources */ = {isa = PBXBuildFile; fileRef = 3E49EFAF260C7C27002C80BF /* SceneDelegate.swift */; };
		3E49EFB7260C7C30002C80BF /* Assets.xcassets in Resources */ = {isa = PBXBuildFile; fileRef = 3E49EFB6260C7C30002C80BF /* Assets.xcassets */; };
		3E49EFBA260C7C30002C80BF /* LaunchScreen.storyboard in Resources */ = {isa = PBXBuildFile; fileRef = 3E49EFB8260C7C30002C80BF /* LaunchScreen.storyboard */; };
		3E49EFD1260CA8B5002C80BF /* Quotes.swift in Sources */ = {isa = PBXBuildFile; fileRef = 3E49EFD0260CA8B5002C80BF /* Quotes.swift */; };
		3E49EFD6260CADEC002C80BF /* Quote.swift in Sources */ = {isa = PBXBuildFile; fileRef = 3E49EFD5260CADEC002C80BF /* Quote.swift */; };
		3E49EFDC260CAFF6002C80BF /* EndPoints.swift in Sources */ = {isa = PBXBuildFile; fileRef = 3E49EFDB260CAFF6002C80BF /* EndPoints.swift */; };
		3E49EFE0260CB04A002C80BF /* APIManger.swift in Sources */ = {isa = PBXBuildFile; fileRef = 3E49EFDF260CB04A002C80BF /* APIManger.swift */; };
		3E49EFE4260CB0C8002C80BF /* APIClient.swift in Sources */ = {isa = PBXBuildFile; fileRef = 3E49EFE3260CB0C8002C80BF /* APIClient.swift */; };
		3E49EFED260CB587002C80BF /* QuoteService.swift in Sources */ = {isa = PBXBuildFile; fileRef = 3E49EFEC260CB587002C80BF /* QuoteService.swift */; };
		3E49EFF0260CDD29002C80BF /* ImageDataService.swift in Sources */ = {isa = PBXBuildFile; fileRef = 3E49EFEF260CDD29002C80BF /* ImageDataService.swift */; };
		3E49EFF3260CDDFD002C80BF /* KingFisherService.swift in Sources */ = {isa = PBXBuildFile; fileRef = 3E49EFF2260CDDFD002C80BF /* KingFisherService.swift */; };
		3E49EFF6260CDFE0002C80BF /* QuotesPresenter.swift in Sources */ = {isa = PBXBuildFile; fileRef = 3E49EFF5260CDFE0002C80BF /* QuotesPresenter.swift */; };
		3E49EFF9260CE30A002C80BF /* QuotesRouter.swift in Sources */ = {isa = PBXBuildFile; fileRef = 3E49EFF8260CE30A002C80BF /* QuotesRouter.swift */; };
		3E49EFFC260CE381002C80BF /* QuotesViewController.swift in Sources */ = {isa = PBXBuildFile; fileRef = 3E49EFFB260CE381002C80BF /* QuotesViewController.swift */; };
		3E49EFFF260CE53D002C80BF /* QuotesInteractor.swift in Sources */ = {isa = PBXBuildFile; fileRef = 3E49EFFE260CE53D002C80BF /* QuotesInteractor.swift */; };
		3E49F008260D9DC0002C80BF /* QuoteDetailContract.swift in Sources */ = {isa = PBXBuildFile; fileRef = 3E49F007260D9DC0002C80BF /* QuoteDetailContract.swift */; };
		3E49F00B260DA49D002C80BF /* QuoteDetailInteractor.swift in Sources */ = {isa = PBXBuildFile; fileRef = 3E49F00A260DA49D002C80BF /* QuoteDetailInteractor.swift */; };
		3E49F00E260DA5FD002C80BF /* QuoteDetailPresenter.swift in Sources */ = {isa = PBXBuildFile; fileRef = 3E49F00D260DA5FD002C80BF /* QuoteDetailPresenter.swift */; };
		3E49F011260DA6D7002C80BF /* QuoteDetailViewController.swift in Sources */ = {isa = PBXBuildFile; fileRef = 3E49F010260DA6D7002C80BF /* QuoteDetailViewController.swift */; };
		3E49F014260DA7EB002C80BF /* QuoteDetailRouter.swift in Sources */ = {isa = PBXBuildFile; fileRef = 3E49F013260DA7EB002C80BF /* QuoteDetailRouter.swift */; };
/* End PBXBuildFile section */

/* Begin PBXFileReference section */
		004B2214EA7974E817E4E720 /* Pods_Viper_Simple_DemoApp.framework */ = {isa = PBXFileReference; explicitFileType = wrapper.framework; includeInIndex = 0; path = Pods_Viper_Simple_DemoApp.framework; sourceTree = BUILT_PRODUCTS_DIR; };
		3E49EFAA260C7C27002C80BF /* Viper-Simple-DemoApp.app */ = {isa = PBXFileReference; explicitFileType = wrapper.application; includeInIndex = 0; path = "Viper-Simple-DemoApp.app"; sourceTree = BUILT_PRODUCTS_DIR; };
		3E49EFAD260C7C27002C80BF /* AppDelegate.swift */ = {isa = PBXFileReference; lastKnownFileType = sourcecode.swift; path = AppDelegate.swift; sourceTree = "<group>"; };
		3E49EFAF260C7C27002C80BF /* SceneDelegate.swift */ = {isa = PBXFileReference; lastKnownFileType = sourcecode.swift; path = SceneDelegate.swift; sourceTree = "<group>"; };
		3E49EFB6260C7C30002C80BF /* Assets.xcassets */ = {isa = PBXFileReference; lastKnownFileType = folder.assetcatalog; path = Assets.xcassets; sourceTree = "<group>"; };
		3E49EFB9260C7C30002C80BF /* Base */ = {isa = PBXFileReference; lastKnownFileType = file.storyboard; name = Base; path = Base.lproj/LaunchScreen.storyboard; sourceTree = "<group>"; };
		3E49EFBB260C7C30002C80BF /* Info.plist */ = {isa = PBXFileReference; lastKnownFileType = text.plist.xml; path = Info.plist; sourceTree = "<group>"; };
		3E49EFD0260CA8B5002C80BF /* Quotes.swift */ = {isa = PBXFileReference; lastKnownFileType = sourcecode.swift; path = Quotes.swift; sourceTree = "<group>"; };
		3E49EFD5260CADEC002C80BF /* Quote.swift */ = {isa = PBXFileReference; lastKnownFileType = sourcecode.swift; path = Quote.swift; sourceTree = "<group>"; };
		3E49EFDB260CAFF6002C80BF /* EndPoints.swift */ = {isa = PBXFileReference; lastKnownFileType = sourcecode.swift; path = EndPoints.swift; sourceTree = "<group>"; };
		3E49EFDF260CB04A002C80BF /* APIManger.swift */ = {isa = PBXFileReference; lastKnownFileType = sourcecode.swift; path = APIManger.swift; sourceTree = "<group>"; };
		3E49EFE3260CB0C8002C80BF /* APIClient.swift */ = {isa = PBXFileReference; lastKnownFileType = sourcecode.swift; path = APIClient.swift; sourceTree = "<group>"; };
		3E49EFEC260CB587002C80BF /* QuoteService.swift */ = {isa = PBXFileReference; lastKnownFileType = sourcecode.swift; path = QuoteService.swift; sourceTree = "<group>"; };
		3E49EFEF260CDD29002C80BF /* ImageDataService.swift */ = {isa = PBXFileReference; lastKnownFileType = sourcecode.swift; path = ImageDataService.swift; sourceTree = "<group>"; };
		3E49EFF2260CDDFD002C80BF /* KingFisherService.swift */ = {isa = PBXFileReference; lastKnownFileType = sourcecode.swift; path = KingFisherService.swift; sourceTree = "<group>"; };
		3E49EFF5260CDFE0002C80BF /* QuotesPresenter.swift */ = {isa = PBXFileReference; lastKnownFileType = sourcecode.swift; path = QuotesPresenter.swift; sourceTree = "<group>"; };
		3E49EFF8260CE30A002C80BF /* QuotesRouter.swift */ = {isa = PBXFileReference; lastKnownFileType = sourcecode.swift; path = QuotesRouter.swift; sourceTree = "<group>"; };
		3E49EFFB260CE381002C80BF /* QuotesViewController.swift */ = {isa = PBXFileReference; lastKnownFileType = sourcecode.swift; path = QuotesViewController.swift; sourceTree = "<group>"; };
		3E49EFFE260CE53D002C80BF /* QuotesInteractor.swift */ = {isa = PBXFileReference; lastKnownFileType = sourcecode.swift; path = QuotesInteractor.swift; sourceTree = "<group>"; };
		3E49F007260D9DC0002C80BF /* QuoteDetailContract.swift */ = {isa = PBXFileReference; lastKnownFileType = sourcecode.swift; path = QuoteDetailContract.swift; sourceTree = "<group>"; };
		3E49F00A260DA49D002C80BF /* QuoteDetailInteractor.swift */ = {isa = PBXFileReference; lastKnownFileType = sourcecode.swift; path = QuoteDetailInteractor.swift; sourceTree = "<group>"; };
		3E49F00D260DA5FD002C80BF /* QuoteDetailPresenter.swift */ = {isa = PBXFileReference; lastKnownFileType = sourcecode.swift; path = QuoteDetailPresenter.swift; sourceTree = "<group>"; };
		3E49F010260DA6D7002C80BF /* QuoteDetailViewController.swift */ = {isa = PBXFileReference; lastKnownFileType = sourcecode.swift; path = QuoteDetailViewController.swift; sourceTree = "<group>"; };
		3E49F013260DA7EB002C80BF /* QuoteDetailRouter.swift */ = {isa = PBXFileReference; lastKnownFileType = sourcecode.swift; path = QuoteDetailRouter.swift; sourceTree = "<group>"; };
		4C8E42E46E080DE841148A2B /* Pods-Viper-Simple-DemoApp.release.xcconfig */ = {isa = PBXFileReference; includeInIndex = 1; lastKnownFileType = text.xcconfig; name = "Pods-Viper-Simple-DemoApp.release.xcconfig"; path = "Target Support Files/Pods-Viper-Simple-DemoApp/Pods-Viper-Simple-DemoApp.release.xcconfig"; sourceTree = "<group>"; };
		6EA51CAC8D4B476E553EEB7F /* Pods-Viper-Simple-DemoApp.debug.xcconfig */ = {isa = PBXFileReference; includeInIndex = 1; lastKnownFileType = text.xcconfig; name = "Pods-Viper-Simple-DemoApp.debug.xcconfig"; path = "Target Support Files/Pods-Viper-Simple-DemoApp/Pods-Viper-Simple-DemoApp.debug.xcconfig"; sourceTree = "<group>"; };
/* End PBXFileReference section */

/* Begin PBXFrameworksBuildPhase section */
		3E49EFA7260C7C27002C80BF /* Frameworks */ = {
			isa = PBXFrameworksBuildPhase;
			buildActionMask = 2147483647;
			files = (
				0169018F1D8FF060B5ECF99A /* Pods_Viper_Simple_DemoApp.framework in Frameworks */,
			);
			runOnlyForDeploymentPostprocessing = 0;
		};
/* End PBXFrameworksBuildPhase section */

/* Begin PBXGroup section */
		3E49EFA1260C7C27002C80BF = {
			isa = PBXGroup;
			children = (
				3E49EFAC260C7C27002C80BF /* Viper-Simple-DemoApp */,
				3E49EFAB260C7C27002C80BF /* Products */,
				AF16A0358E97FB57AD8ED20A /* Pods */,
				9AC9A6B59DFD96D283DDAA68 /* Frameworks */,
			);
			sourceTree = "<group>";
		};
		3E49EFAB260C7C27002C80BF /* Products */ = {
			isa = PBXGroup;
			children = (
				3E49EFAA260C7C27002C80BF /* Viper-Simple-DemoApp.app */,
			);
			name = Products;
			sourceTree = "<group>";
		};
		3E49EFAC260C7C27002C80BF /* Viper-Simple-DemoApp */ = {
			isa = PBXGroup;
			children = (
				3E49EFEA260CB54F002C80BF /* Services */,
				3E49EFDE260CB035002C80BF /* Managers */,
				3E49EFD8260CAFB9002C80BF /* Common */,
				3E49EFCF260CA895002C80BF /* Module */,
				3E49EFCB260CA7D7002C80BF /* SupportingFiles */,
			);
			path = "Viper-Simple-DemoApp";
			sourceTree = "<group>";
		};
		3E49EFCB260CA7D7002C80BF /* SupportingFiles */ = {
			isa = PBXGroup;
			children = (
				3E49EFAD260C7C27002C80BF /* AppDelegate.swift */,
				3E49EFAF260C7C27002C80BF /* SceneDelegate.swift */,
				3E49EFB6260C7C30002C80BF /* Assets.xcassets */,
				3E49EFB8260C7C30002C80BF /* LaunchScreen.storyboard */,
				3E49EFBB260C7C30002C80BF /* Info.plist */,
			);
			path = SupportingFiles;
			sourceTree = "<group>";
		};
		3E49EFCF260CA895002C80BF /* Module */ = {
			isa = PBXGroup;
			children = (
				3E49F005260CEFF7002C80BF /* QuotesDetails */,
				3E49F003260CEFA0002C80BF /* Quotes */,
			);
			path = Module;
			sourceTree = "<group>";
		};
		3E49EFD4260CADD1002C80BF /* Entites */ = {
			isa = PBXGroup;
			children = (
				3E49EFD5260CADEC002C80BF /* Quote.swift */,
			);
			path = Entites;
			sourceTree = "<group>";
		};
		3E49EFD8260CAFB9002C80BF /* Common */ = {
			isa = PBXGroup;
			children = (
				3E49EFDA260CAFCE002C80BF /* EndPoints */,
				3E49EFD4260CADD1002C80BF /* Entites */,
			);
			path = Common;
			sourceTree = "<group>";
		};
		3E49EFDA260CAFCE002C80BF /* EndPoints */ = {
			isa = PBXGroup;
			children = (
				3E49EFDB260CAFF6002C80BF /* EndPoints.swift */,
			);
			path = EndPoints;
			sourceTree = "<group>";
		};
		3E49EFDE260CB035002C80BF /* Managers */ = {
			isa = PBXGroup;
			children = (
				3E49EFDF260CB04A002C80BF /* APIManger.swift */,
				3E49EFE3260CB0C8002C80BF /* APIClient.swift */,
			);
			path = Managers;
			sourceTree = "<group>";
		};
		3E49EFEA260CB54F002C80BF /* Services */ = {
			isa = PBXGroup;
			children = (
				3E49EFEC260CB587002C80BF /* QuoteService.swift */,
				3E49EFEF260CDD29002C80BF /* ImageDataService.swift */,
				3E49EFF2260CDDFD002C80BF /* KingFisherService.swift */,
			);
			path = Services;
			sourceTree = "<group>";
		};
		3E49F003260CEFA0002C80BF /* Quotes */ = {
			isa = PBXGroup;
			children = (
				3E49EFD0260CA8B5002C80BF /* Quotes.swift */,
				3E49EFF5260CDFE0002C80BF /* QuotesPresenter.swift */,
				3E49EFF8260CE30A002C80BF /* QuotesRouter.swift */,
				3E49EFFB260CE381002C80BF /* QuotesViewController.swift */,
				3E49EFFE260CE53D002C80BF /* QuotesInteractor.swift */,
			);
			path = Quotes;
			sourceTree = "<group>";
		};
		3E49F005260CEFF7002C80BF /* QuotesDetails */ = {
			isa = PBXGroup;
			children = (
				3E49F007260D9DC0002C80BF /* QuoteDetailContract.swift */,
				3E49F00A260DA49D002C80BF /* QuoteDetailInteractor.swift */,
				3E49F00D260DA5FD002C80BF /* QuoteDetailPresenter.swift */,
				3E49F010260DA6D7002C80BF /* QuoteDetailViewController.swift */,
				3E49F013260DA7EB002C80BF /* QuoteDetailRouter.swift */,
			);
			path = QuotesDetails;
			sourceTree = "<group>";
		};
		9AC9A6B59DFD96D283DDAA68 /* Frameworks */ = {
			isa = PBXGroup;
			children = (
				004B2214EA7974E817E4E720 /* Pods_Viper_Simple_DemoApp.framework */,
			);
			name = Frameworks;
			sourceTree = "<group>";
		};
		AF16A0358E97FB57AD8ED20A /* Pods */ = {
			isa = PBXGroup;
			children = (
				6EA51CAC8D4B476E553EEB7F /* Pods-Viper-Simple-DemoApp.debug.xcconfig */,
				4C8E42E46E080DE841148A2B /* Pods-Viper-Simple-DemoApp.release.xcconfig */,
			);
			path = Pods;
			sourceTree = "<group>";
		};
/* End PBXGroup section */

/* Begin PBXNativeTarget section */
		3E49EFA9260C7C27002C80BF /* Viper-Simple-DemoApp */ = {
			isa = PBXNativeTarget;
			buildConfigurationList = 3E49EFBE260C7C30002C80BF /* Build configuration list for PBXNativeTarget "Viper-Simple-DemoApp" */;
			buildPhases = (
				DADD0EA0EC96829FD01D8922 /* [CP] Check Pods Manifest.lock */,
				3E49EFA6260C7C27002C80BF /* Sources */,
				3E49EFA7260C7C27002C80BF /* Frameworks */,
				3E49EFA8260C7C27002C80BF /* Resources */,
				635CE942BBC7BC9CF1313F67 /* [CP] Embed Pods Frameworks */,
			);
			buildRules = (
			);
			dependencies = (
			);
			name = "Viper-Simple-DemoApp";
			productName = "Viper-Simple-DemoApp";
			productReference = 3E49EFAA260C7C27002C80BF /* Viper-Simple-DemoApp.app */;
			productType = "com.apple.product-type.application";
		};
/* End PBXNativeTarget section */

/* Begin PBXProject section */
		3E49EFA2260C7C27002C80BF /* Project object */ = {
			isa = PBXProject;
			attributes = {
				LastSwiftUpdateCheck = 1220;
				LastUpgradeCheck = 1220;
				TargetAttributes = {
					3E49EFA9260C7C27002C80BF = {
						CreatedOnToolsVersion = 12.2;
					};
				};
			};
			buildConfigurationList = 3E49EFA5260C7C27002C80BF /* Build configuration list for PBXProject "Viper-Simple-DemoApp" */;
			compatibilityVersion = "Xcode 9.3";
			developmentRegion = en;
			hasScannedForEncodings = 0;
			knownRegions = (
				en,
				Base,
			);
			mainGroup = 3E49EFA1260C7C27002C80BF;
			productRefGroup = 3E49EFAB260C7C27002C80BF /* Products */;
			projectDirPath = "";
			projectRoot = "";
			targets = (
				3E49EFA9260C7C27002C80BF /* Viper-Simple-DemoApp */,
			);
		};
/* End PBXProject section */

/* Begin PBXResourcesBuildPhase section */
		3E49EFA8260C7C27002C80BF /* Resources */ = {
			isa = PBXResourcesBuildPhase;
			buildActionMask = 2147483647;
			files = (
				3E49EFBA260C7C30002C80BF /* LaunchScreen.storyboard in Resources */,
				3E49EFB7260C7C30002C80BF /* Assets.xcassets in Resources */,
			);
			runOnlyForDeploymentPostprocessing = 0;
		};
/* End PBXResourcesBuildPhase section */

/* Begin PBXShellScriptBuildPhase section */
		635CE942BBC7BC9CF1313F67 /* [CP] Embed Pods Frameworks */ = {
			isa = PBXShellScriptBuildPhase;
			buildActionMask = 2147483647;
			files = (
			);
			inputFileListPaths = (
				"${PODS_ROOT}/Target Support Files/Pods-Viper-Simple-DemoApp/Pods-Viper-Simple-DemoApp-frameworks-${CONFIGURATION}-input-files.xcfilelist",
			);
			name = "[CP] Embed Pods Frameworks";
			outputFileListPaths = (
				"${PODS_ROOT}/Target Support Files/Pods-Viper-Simple-DemoApp/Pods-Viper-Simple-DemoApp-frameworks-${CONFIGURATION}-output-files.xcfilelist",
			);
			runOnlyForDeploymentPostprocessing = 0;
			shellPath = /bin/sh;
			shellScript = "\"${PODS_ROOT}/Target Support Files/Pods-Viper-Simple-DemoApp/Pods-Viper-Simple-DemoApp-frameworks.sh\"\n";
			showEnvVarsInLog = 0;
		};
		DADD0EA0EC96829FD01D8922 /* [CP] Check Pods Manifest.lock */ = {
			isa = PBXShellScriptBuildPhase;
			buildActionMask = 2147483647;
			files = (
			);
			inputFileListPaths = (
			);
			inputPaths = (
				"${PODS_PODFILE_DIR_PATH}/Podfile.lock",
				"${PODS_ROOT}/Manifest.lock",
			);
			name = "[CP] Check Pods Manifest.lock";
			outputFileListPaths = (
			);
			outputPaths = (
				"$(DERIVED_FILE_DIR)/Pods-Viper-Simple-DemoApp-checkManifestLockResult.txt",
			);
			runOnlyForDeploymentPostprocessing = 0;
			shellPath = /bin/sh;
			shellScript = "diff \"${PODS_PODFILE_DIR_PATH}/Podfile.lock\" \"${PODS_ROOT}/Manifest.lock\" > /dev/null\nif [ $? != 0 ] ; then\n    # print error to STDERR\n    echo \"error: The sandbox is not in sync with the Podfile.lock. Run 'pod install' or update your CocoaPods installation.\" >&2\n    exit 1\nfi\n# This output is used by Xcode 'outputs' to avoid re-running this script phase.\necho \"SUCCESS\" > \"${SCRIPT_OUTPUT_FILE_0}\"\n";
			showEnvVarsInLog = 0;
		};
/* End PBXShellScriptBuildPhase section */

/* Begin PBXSourcesBuildPhase section */
		3E49EFA6260C7C27002C80BF /* Sources */ = {
			isa = PBXSourcesBuildPhase;
			buildActionMask = 2147483647;
			files = (
				3E49EFF9260CE30A002C80BF /* QuotesRouter.swift in Sources */,
				3E49F00B260DA49D002C80BF /* QuoteDetailInteractor.swift in Sources */,
				3E49EFFF260CE53D002C80BF /* QuotesInteractor.swift in Sources */,
				3E49F011260DA6D7002C80BF /* QuoteDetailViewController.swift in Sources */,
				3E49EFD1260CA8B5002C80BF /* Quotes.swift in Sources */,
				3E49F008260D9DC0002C80BF /* QuoteDetailContract.swift in Sources */,
				3E49EFF0260CDD29002C80BF /* ImageDataService.swift in Sources */,
				3E49EFED260CB587002C80BF /* QuoteService.swift in Sources */,
				3E49F014260DA7EB002C80BF /* QuoteDetailRouter.swift in Sources */,
				3E49EFAE260C7C27002C80BF /* AppDelegate.swift in Sources */,
				3E49EFE4260CB0C8002C80BF /* APIClient.swift in Sources */,
				3E49EFD6260CADEC002C80BF /* Quote.swift in Sources */,
				3E49EFE0260CB04A002C80BF /* APIManger.swift in Sources */,
				3E49F00E260DA5FD002C80BF /* QuoteDetailPresenter.swift in Sources */,
				3E49EFDC260CAFF6002C80BF /* EndPoints.swift in Sources */,
				3E49EFF6260CDFE0002C80BF /* QuotesPresenter.swift in Sources */,
				3E49EFF3260CDDFD002C80BF /* KingFisherService.swift in Sources */,
				3E49EFB0260C7C27002C80BF /* SceneDelegate.swift in Sources */,
				3E49EFFC260CE381002C80BF /* QuotesViewController.swift in Sources */,
			);
			runOnlyForDeploymentPostprocessing = 0;
		};
/* End PBXSourcesBuildPhase section */

/* Begin PBXVariantGroup section */
		3E49EFB8260C7C30002C80BF /* LaunchScreen.storyboard */ = {
			isa = PBXVariantGroup;
			children = (
				3E49EFB9260C7C30002C80BF /* Base */,
			);
			name = LaunchScreen.storyboard;
			sourceTree = "<group>";
		};
/* End PBXVariantGroup section */

/* Begin XCBuildConfiguration section */
		3E49EFBC260C7C30002C80BF /* Debug */ = {
			isa = XCBuildConfiguration;
			buildSettings = {
				ALWAYS_SEARCH_USER_PATHS = NO;
				CLANG_ANALYZER_NONNULL = YES;
				CLANG_ANALYZER_NUMBER_OBJECT_CONVERSION = YES_AGGRESSIVE;
				CLANG_CXX_LANGUAGE_STANDARD = "gnu++14";
				CLANG_CXX_LIBRARY = "libc++";
				CLANG_ENABLE_MODULES = YES;
				CLANG_ENABLE_OBJC_ARC = YES;
				CLANG_ENABLE_OBJC_WEAK = YES;
				CLANG_WARN_BLOCK_CAPTURE_AUTORELEASING = YES;
				CLANG_WARN_BOOL_CONVERSION = YES;
				CLANG_WARN_COMMA = YES;
				CLANG_WARN_CONSTANT_CONVERSION = YES;
				CLANG_WARN_DEPRECATED_OBJC_IMPLEMENTATIONS = YES;
				CLANG_WARN_DIRECT_OBJC_ISA_USAGE = YES_ERROR;
				CLANG_WARN_DOCUMENTATION_COMMENTS = YES;
				CLANG_WARN_EMPTY_BODY = YES;
				CLANG_WARN_ENUM_CONVERSION = YES;
				CLANG_WARN_INFINITE_RECURSION = YES;
				CLANG_WARN_INT_CONVERSION = YES;
				CLANG_WARN_NON_LITERAL_NULL_CONVERSION = YES;
				CLANG_WARN_OBJC_IMPLICIT_RETAIN_SELF = YES;
				CLANG_WARN_OBJC_LITERAL_CONVERSION = YES;
				CLANG_WARN_OBJC_ROOT_CLASS = YES_ERROR;
				CLANG_WARN_QUOTED_INCLUDE_IN_FRAMEWORK_HEADER = YES;
				CLANG_WARN_RANGE_LOOP_ANALYSIS = YES;
				CLANG_WARN_STRICT_PROTOTYPES = YES;
				CLANG_WARN_SUSPICIOUS_MOVE = YES;
				CLANG_WARN_UNGUARDED_AVAILABILITY = YES_AGGRESSIVE;
				CLANG_WARN_UNREACHABLE_CODE = YES;
				CLANG_WARN__DUPLICATE_METHOD_MATCH = YES;
				COPY_PHASE_STRIP = NO;
				DEBUG_INFORMATION_FORMAT = dwarf;
				ENABLE_STRICT_OBJC_MSGSEND = YES;
				ENABLE_TESTABILITY = YES;
				GCC_C_LANGUAGE_STANDARD = gnu11;
				GCC_DYNAMIC_NO_PIC = NO;
				GCC_NO_COMMON_BLOCKS = YES;
				GCC_OPTIMIZATION_LEVEL = 0;
				GCC_PREPROCESSOR_DEFINITIONS = (
					"DEBUG=1",
					"$(inherited)",
				);
				GCC_WARN_64_TO_32_BIT_CONVERSION = YES;
				GCC_WARN_ABOUT_RETURN_TYPE = YES_ERROR;
				GCC_WARN_UNDECLARED_SELECTOR = YES;
				GCC_WARN_UNINITIALIZED_AUTOS = YES_AGGRESSIVE;
				GCC_WARN_UNUSED_FUNCTION = YES;
				GCC_WARN_UNUSED_VARIABLE = YES;
				IPHONEOS_DEPLOYMENT_TARGET = 14.2;
				MTL_ENABLE_DEBUG_INFO = INCLUDE_SOURCE;
				MTL_FAST_MATH = YES;
				ONLY_ACTIVE_ARCH = YES;
				SDKROOT = iphoneos;
				SWIFT_ACTIVE_COMPILATION_CONDITIONS = DEBUG;
				SWIFT_OPTIMIZATION_LEVEL = "-Onone";
			};
			name = Debug;
		};
		3E49EFBD260C7C30002C80BF /* Release */ = {
			isa = XCBuildConfiguration;
			buildSettings = {
				ALWAYS_SEARCH_USER_PATHS = NO;
				CLANG_ANALYZER_NONNULL = YES;
				CLANG_ANALYZER_NUMBER_OBJECT_CONVERSION = YES_AGGRESSIVE;
				CLANG_CXX_LANGUAGE_STANDARD = "gnu++14";
				CLANG_CXX_LIBRARY = "libc++";
				CLANG_ENABLE_MODULES = YES;
				CLANG_ENABLE_OBJC_ARC = YES;
				CLANG_ENABLE_OBJC_WEAK = YES;
				CLANG_WARN_BLOCK_CAPTURE_AUTORELEASING = YES;
				CLANG_WARN_BOOL_CONVERSION = YES;
				CLANG_WARN_COMMA = YES;
				CLANG_WARN_CONSTANT_CONVERSION = YES;
				CLANG_WARN_DEPRECATED_OBJC_IMPLEMENTATIONS = YES;
				CLANG_WARN_DIRECT_OBJC_ISA_USAGE = YES_ERROR;
				CLANG_WARN_DOCUMENTATION_COMMENTS = YES;
				CLANG_WARN_EMPTY_BODY = YES;
				CLANG_WARN_ENUM_CONVERSION = YES;
				CLANG_WARN_INFINITE_RECURSION = YES;
				CLANG_WARN_INT_CONVERSION = YES;
				CLANG_WARN_NON_LITERAL_NULL_CONVERSION = YES;
				CLANG_WARN_OBJC_IMPLICIT_RETAIN_SELF = YES;
				CLANG_WARN_OBJC_LITERAL_CONVERSION = YES;
				CLANG_WARN_OBJC_ROOT_CLASS = YES_ERROR;
				CLANG_WARN_QUOTED_INCLUDE_IN_FRAMEWORK_HEADER = YES;
				CLANG_WARN_RANGE_LOOP_ANALYSIS = YES;
				CLANG_WARN_STRICT_PROTOTYPES = YES;
				CLANG_WARN_SUSPICIOUS_MOVE = YES;
				CLANG_WARN_UNGUARDED_AVAILABILITY = YES_AGGRESSIVE;
				CLANG_WARN_UNREACHABLE_CODE = YES;
				CLANG_WARN__DUPLICATE_METHOD_MATCH = YES;
				COPY_PHASE_STRIP = NO;
				DEBUG_INFORMATION_FORMAT = "dwarf-with-dsym";
				ENABLE_NS_ASSERTIONS = NO;
				ENABLE_STRICT_OBJC_MSGSEND = YES;
				GCC_C_LANGUAGE_STANDARD = gnu11;
				GCC_NO_COMMON_BLOCKS = YES;
				GCC_WARN_64_TO_32_BIT_CONVERSION = YES;
				GCC_WARN_ABOUT_RETURN_TYPE = YES_ERROR;
				GCC_WARN_UNDECLARED_SELECTOR = YES;
				GCC_WARN_UNINITIALIZED_AUTOS = YES_AGGRESSIVE;
				GCC_WARN_UNUSED_FUNCTION = YES;
				GCC_WARN_UNUSED_VARIABLE = YES;
				IPHONEOS_DEPLOYMENT_TARGET = 14.2;
				MTL_ENABLE_DEBUG_INFO = NO;
				MTL_FAST_MATH = YES;
				SDKROOT = iphoneos;
				SWIFT_COMPILATION_MODE = wholemodule;
				SWIFT_OPTIMIZATION_LEVEL = "-O";
				VALIDATE_PRODUCT = YES;
			};
			name = Release;
		};
		3E49EFBF260C7C30002C80BF /* Debug */ = {
			isa = XCBuildConfiguration;
			baseConfigurationReference = 6EA51CAC8D4B476E553EEB7F /* Pods-Viper-Simple-DemoApp.debug.xcconfig */;
			buildSettings = {
				ASSETCATALOG_COMPILER_APPICON_NAME = AppIcon;
				ASSETCATALOG_COMPILER_GLOBAL_ACCENT_COLOR_NAME = AccentColor;
				CODE_SIGN_STYLE = Automatic;
				INFOPLIST_FILE = "Viper-Simple-DemoApp/SupportingFiles/Info.plist";
				LD_RUNPATH_SEARCH_PATHS = (
					"$(inherited)",
					"@executable_path/Frameworks",
				);
				PRODUCT_BUNDLE_IDENTIFIER = "com.amitabh.Viper-Simple-DemoApp";
				PRODUCT_NAME = "$(TARGET_NAME)";
				SWIFT_VERSION = 5.0;
				TARGETED_DEVICE_FAMILY = "1,2";
			};
			name = Debug;
		};
		3E49EFC0260C7C30002C80BF /* Release */ = {
			isa = XCBuildConfiguration;
			baseConfigurationReference = 4C8E42E46E080DE841148A2B /* Pods-Viper-Simple-DemoApp.release.xcconfig */;
			buildSettings = {
				ASSETCATALOG_COMPILER_APPICON_NAME = AppIcon;
				ASSETCATALOG_COMPILER_GLOBAL_ACCENT_COLOR_NAME = AccentColor;
				CODE_SIGN_STYLE = Automatic;
				INFOPLIST_FILE = "Viper-Simple-DemoApp/SupportingFiles/Info.plist";
				LD_RUNPATH_SEARCH_PATHS = (
					"$(inherited)",
					"@executable_path/Frameworks",
				);
				PRODUCT_BUNDLE_IDENTIFIER = "com.amitabh.Viper-Simple-DemoApp";
				PRODUCT_NAME = "$(TARGET_NAME)";
				SWIFT_VERSION = 5.0;
				TARGETED_DEVICE_FAMILY = "1,2";
			};
			name = Release;
		};
/* End XCBuildConfiguration section */

/* Begin XCConfigurationList section */
		3E49EFA5260C7C27002C80BF /* Build configuration list for PBXProject "Viper-Simple-DemoApp" */ = {
			isa = XCConfigurationList;
			buildConfigurations = (
				3E49EFBC260C7C30002C80BF /* Debug */,
				3E49EFBD260C7C30002C80BF /* Release */,
			);
			defaultConfigurationIsVisible = 0;
			defaultConfigurationName = Release;
		};
		3E49EFBE260C7C30002C80BF /* Build configuration list for PBXNativeTarget "Viper-Simple-DemoApp" */ = {
			isa = XCConfigurationList;
			buildConfigurations = (
				3E49EFBF260C7C30002C80BF /* Debug */,
				3E49EFC0260C7C30002C80BF /* Release */,
			);
			defaultConfigurationIsVisible = 0;
			defaultConfigurationName = Release;
		};
/* End XCConfigurationList section */
	};
	rootObject = 3E49EFA2260C7C27002C80BF /* Project object */;
}
